{
  "version": 4,
  "terraform_version": "1.13.5",
  "serial": 21,
  "lineage": "7983c2ba-53c2-998b-ae9a-7cc5b84ac18c",
  "outputs": {},
  "resources": [
    {
      "module": "module.compute",
      "mode": "managed",
      "type": "azurerm_linux_virtual_machine",
      "name": "jenkins",
      "provider": "provider[\"registry.terraform.io/hashicorp/azurerm\"]",
      "instances": [
        {
          "schema_version": 0,
          "attributes": {
            "additional_capabilities": [],
            "admin_password": null,
            "admin_ssh_key": [
              {
                "public_key": "ssh-rsa AAAAB3NzaC1yc2EAAAADAQABAAACAQDG4BjSuFt45h/L2Ww/z3lLrG3vY36ZeL+eqZvJh2VGdGkTmjGk/mc5W4uNKXKErUW/y5yPhRJ0uJoJAp39WJqL+KaA0ocdtF/e+f7ED3vbj72wxGaoHex1ZLBYIy1sk3sWJLlmQlnw2cAYka8uQQr97ifDBy22miKyJPt4len151JpyV/wUefjbVULrpAqQVXyHR1Vq8DfN1Z3ttDjgMnNmqRO2VGhplm4GlE9+oFjcvNgOM19ghgDwNnPy+5vpRUCOHyH14wGW2d/V7CCl9kGobjuVzIOp6ZRkOUa8bLhF3WDTXO02Qunt5i1+ObkuPvM4U0Qvvp6Mu5HrHvnGeI3bPCcK8jRSzilyCa5amXB8n9z2l/Ud2IcfE1YgYiB+3nK95y963ygxpGAVK2ZsqOJIUlqLOrwLdm7os+cCYfkLw3HrHrCA6VjmOhYxogkhSLfnn4tmTVkYTIuVxdvNim9JOcJKQmt8NfJAkDULvbNaJYG9s3x5p3ZzNN2t///hJggj9mkZ3PPdo4X/x+1+14pCfw61IioYwypMRw3ziiEpMoKK8qPSRPAHrifsrh13Q9ycneXjjZoKjkMqyFUuiFO2jaSt00de5xG5kSE5hoyHMF6bqkSTuYcuGJAndsOjaRJYWjN1IAOhWVYJqCeJ3Y1jbOAKwIO9xv2QfoHu79VIQ== vihan@archlinux\n",
                "username": "amogh"
              }
            ],
            "admin_username": "amogh",
            "allow_extension_operations": true,
            "availability_set_id": "",
            "boot_diagnostics": [],
            "computer_name": "VM-Jenkins-1",
            "custom_data": null,
            "dedicated_host_group_id": "",
            "dedicated_host_id": "",
            "disable_password_authentication": true,
            "edge_zone": "",
            "encryption_at_host_enabled": false,
            "eviction_policy": "",
            "extensions_time_budget": "PT1H30M",
            "id": "/subscriptions/6c920afa-d424-42f0-a13b-bc07a21530be/resourceGroups/CICD-rg/providers/Microsoft.Compute/virtualMachines/VM-Jenkins-1",
            "identity": [],
            "license_type": "",
            "location": "eastus",
            "max_bid_price": -1,
            "name": "VM-Jenkins-1",
            "network_interface_ids": [
              "/subscriptions/6c920afa-d424-42f0-a13b-bc07a21530be/resourceGroups/CICD-rg/providers/Microsoft.Network/networkInterfaces/NIC-Jenkins-1"
            ],
            "os_disk": [
              {
                "caching": "ReadWrite",
                "diff_disk_settings": [],
                "disk_encryption_set_id": "",
                "disk_size_gb": 30,
                "name": "VM-Jenkins-1_OsDisk_1_5d66ccff5236432b9cf7838fe6c29141",
                "storage_account_type": "Standard_LRS",
                "write_accelerator_enabled": false
              }
            ],
            "patch_mode": "ImageDefault",
            "plan": [],
            "platform_fault_domain": -1,
            "priority": "Regular",
            "private_ip_address": "10.0.2.5",
            "private_ip_addresses": [
              "10.0.2.5"
            ],
            "provision_vm_agent": true,
            "proximity_placement_group_id": "",
            "public_ip_address": "172.190.33.73",
            "public_ip_addresses": [
              "172.190.33.73"
            ],
            "resource_group_name": "CICD-rg",
            "secret": [],
            "secure_boot_enabled": false,
            "size": "Standard_D2ds_v4",
            "source_image_id": "",
            "source_image_reference": [
              {
                "offer": "0001-com-ubuntu-server-jammy",
                "publisher": "Canonical",
                "sku": "22_04-lts",
                "version": "latest"
              }
            ],
            "tags": {},
            "termination_notification": [],
            "timeouts": null,
            "user_data": "",
            "virtual_machine_id": "79d65d6e-9f45-48c5-9122-654dda6b2a3c",
            "virtual_machine_scale_set_id": "",
            "vtpm_enabled": false,
            "zone": ""
          },
          "sensitive_attributes": [
            [
              {
                "type": "get_attr",
                "value": "admin_password"
              }
            ],
            [
              {
                "type": "get_attr",
                "value": "custom_data"
              }
            ]
          ],
          "identity_schema_version": 0,
          "private": "eyJlMmJmYjczMC1lY2FhLTExZTYtOGY4OC0zNDM2M2JjN2M0YzAiOnsiY3JlYXRlIjoyNzAwMDAwMDAwMDAwLCJkZWxldGUiOjI3MDAwMDAwMDAwMDAsInJlYWQiOjMwMDAwMDAwMDAwMCwidXBkYXRlIjoyNzAwMDAwMDAwMDAwfX0=",
          "dependencies": [
            "module.compute.azurerm_network_interface.jenkins",
            "module.compute.azurerm_public_ip.jenkins",
            "module.network.azurerm_subnet.main",
            "module.network.azurerm_virtual_network.main",
            "module.rg.azurerm_resource_group.main"
          ]
        }
      ]
    },
    {
      "module": "module.compute",
      "mode": "managed",
      "type": "azurerm_linux_virtual_machine",
      "name": "sonarqube",
      "provider": "provider[\"registry.terraform.io/hashicorp/azurerm\"]",
      "instances": [
        {
          "schema_version": 0,
          "attributes": {
            "additional_capabilities": [],
            "admin_password": null,
            "admin_ssh_key": [
              {
                "public_key": "ssh-rsa AAAAB3NzaC1yc2EAAAADAQABAAACAQDG4BjSuFt45h/L2Ww/z3lLrG3vY36ZeL+eqZvJh2VGdGkTmjGk/mc5W4uNKXKErUW/y5yPhRJ0uJoJAp39WJqL+KaA0ocdtF/e+f7ED3vbj72wxGaoHex1ZLBYIy1sk3sWJLlmQlnw2cAYka8uQQr97ifDBy22miKyJPt4len151JpyV/wUefjbVULrpAqQVXyHR1Vq8DfN1Z3ttDjgMnNmqRO2VGhplm4GlE9+oFjcvNgOM19ghgDwNnPy+5vpRUCOHyH14wGW2d/V7CCl9kGobjuVzIOp6ZRkOUa8bLhF3WDTXO02Qunt5i1+ObkuPvM4U0Qvvp6Mu5HrHvnGeI3bPCcK8jRSzilyCa5amXB8n9z2l/Ud2IcfE1YgYiB+3nK95y963ygxpGAVK2ZsqOJIUlqLOrwLdm7os+cCYfkLw3HrHrCA6VjmOhYxogkhSLfnn4tmTVkYTIuVxdvNim9JOcJKQmt8NfJAkDULvbNaJYG9s3x5p3ZzNN2t///hJggj9mkZ3PPdo4X/x+1+14pCfw61IioYwypMRw3ziiEpMoKK8qPSRPAHrifsrh13Q9ycneXjjZoKjkMqyFUuiFO2jaSt00de5xG5kSE5hoyHMF6bqkSTuYcuGJAndsOjaRJYWjN1IAOhWVYJqCeJ3Y1jbOAKwIO9xv2QfoHu79VIQ== vihan@archlinux\n",
                "username": "amogh"
              }
            ],
            "admin_username": "amogh",
            "allow_extension_operations": true,
            "availability_set_id": "",
            "boot_diagnostics": [],
            "computer_name": "VM-SonarQube-1",
            "custom_data": null,
            "dedicated_host_group_id": "",
            "dedicated_host_id": "",
            "disable_password_authentication": true,
            "edge_zone": "",
            "encryption_at_host_enabled": false,
            "eviction_policy": "",
            "extensions_time_budget": "PT1H30M",
            "id": "/subscriptions/6c920afa-d424-42f0-a13b-bc07a21530be/resourceGroups/CICD-rg/providers/Microsoft.Compute/virtualMachines/VM-SonarQube-1",
            "identity": [],
            "license_type": "",
            "location": "eastus",
            "max_bid_price": -1,
            "name": "VM-SonarQube-1",
            "network_interface_ids": [
              "/subscriptions/6c920afa-d424-42f0-a13b-bc07a21530be/resourceGroups/CICD-rg/providers/Microsoft.Network/networkInterfaces/NIC-SonarQube-1"
            ],
            "os_disk": [
              {
                "caching": "ReadWrite",
                "diff_disk_settings": [],
                "disk_encryption_set_id": "",
                "disk_size_gb": 30,
                "name": "VM-SonarQube-1_OsDisk_1_f042dc9fcdca458691c0350aa1dbf7ca",
                "storage_account_type": "Standard_LRS",
                "write_accelerator_enabled": false
              }
            ],
            "patch_mode": "ImageDefault",
            "plan": [],
            "platform_fault_domain": -1,
            "priority": "Regular",
            "private_ip_address": "10.0.2.4",
            "private_ip_addresses": [
              "10.0.2.4"
            ],
            "provision_vm_agent": true,
            "proximity_placement_group_id": "",
            "public_ip_address": "172.191.180.29",
            "public_ip_addresses": [
              "172.191.180.29"
            ],
            "resource_group_name": "CICD-rg",
            "secret": [],
            "secure_boot_enabled": false,
            "size": "Standard_D2ds_v4",
            "source_image_id": "",
            "source_image_reference": [
              {
                "offer": "0001-com-ubuntu-server-jammy",
                "publisher": "Canonical",
                "sku": "22_04-lts",
                "version": "latest"
              }
            ],
            "tags": {},
            "termination_notification": [],
            "timeouts": null,
            "user_data": "",
            "virtual_machine_id": "faf172f4-2315-41ed-aff1-7cf5801daf83",
            "virtual_machine_scale_set_id": "",
            "vtpm_enabled": false,
            "zone": ""
          },
          "sensitive_attributes": [
            [
              {
                "type": "get_attr",
                "value": "admin_password"
              }
            ],
            [
              {
                "type": "get_attr",
                "value": "custom_data"
              }
            ]
          ],
          "identity_schema_version": 0,
          "private": "eyJlMmJmYjczMC1lY2FhLTExZTYtOGY4OC0zNDM2M2JjN2M0YzAiOnsiY3JlYXRlIjoyNzAwMDAwMDAwMDAwLCJkZWxldGUiOjI3MDAwMDAwMDAwMDAsInJlYWQiOjMwMDAwMDAwMDAwMCwidXBkYXRlIjoyNzAwMDAwMDAwMDAwfX0=",
          "dependencies": [
            "module.compute.azurerm_network_interface.sonarqube",
            "module.compute.azurerm_public_ip.sonarqube",
            "module.network.azurerm_subnet.main",
            "module.network.azurerm_virtual_network.main",
            "module.rg.azurerm_resource_group.main"
          ]
        }
      ]
    },
    {
      "module": "module.compute",
      "mode": "managed",
      "type": "azurerm_network_interface",
      "name": "jenkins",
      "provider": "provider[\"registry.terraform.io/hashicorp/azurerm\"]",
      "instances": [
        {
          "schema_version": 0,
          "attributes": {
            "applied_dns_servers": [],
            "dns_servers": [],
            "edge_zone": "",
            "enable_accelerated_networking": false,
            "enable_ip_forwarding": false,
            "id": "/subscriptions/6c920afa-d424-42f0-a13b-bc07a21530be/resourceGroups/CICD-rg/providers/Microsoft.Network/networkInterfaces/NIC-Jenkins-1",
            "internal_dns_name_label": "",
            "internal_domain_name_suffix": "dn3vcqdyfvbetbr1ruym4ybzac.bx.internal.cloudapp.net",
            "ip_configuration": [
              {
                "gateway_load_balancer_frontend_ip_configuration_id": "",
                "name": "internal",
                "primary": true,
                "private_ip_address": "10.0.2.5",
                "private_ip_address_allocation": "Dynamic",
                "private_ip_address_version": "IPv4",
                "public_ip_address_id": "/subscriptions/6c920afa-d424-42f0-a13b-bc07a21530be/resourceGroups/CICD-rg/providers/Microsoft.Network/publicIPAddresses/PIP-Jenkins-1",
                "subnet_id": "/subscriptions/6c920afa-d424-42f0-a13b-bc07a21530be/resourceGroups/CICD-rg/providers/Microsoft.Network/virtualNetworks/Main-Vnet/subnets/Subnet-1"
              }
            ],
            "location": "eastus",
            "mac_address": "7C-1E-52-00-BD-AD",
            "name": "NIC-Jenkins-1",
            "private_ip_address": "10.0.2.5",
            "private_ip_addresses": [
              "10.0.2.5"
            ],
            "resource_group_name": "CICD-rg",
            "tags": {},
            "timeouts": null,
            "virtual_machine_id": "/subscriptions/6c920afa-d424-42f0-a13b-bc07a21530be/resourceGroups/CICD-rg/providers/Microsoft.Compute/virtualMachines/VM-Jenkins-1"
          },
          "sensitive_attributes": [],
          "identity_schema_version": 0,
          "private": "eyJlMmJmYjczMC1lY2FhLTExZTYtOGY4OC0zNDM2M2JjN2M0YzAiOnsiY3JlYXRlIjoxODAwMDAwMDAwMDAwLCJkZWxldGUiOjE4MDAwMDAwMDAwMDAsInJlYWQiOjMwMDAwMDAwMDAwMCwidXBkYXRlIjoxODAwMDAwMDAwMDAwfX0=",
          "dependencies": [
            "module.compute.azurerm_public_ip.jenkins",
            "module.network.azurerm_subnet.main",
            "module.network.azurerm_virtual_network.main",
            "module.rg.azurerm_resource_group.main"
          ]
        }
      ]
    },
    {
      "module": "module.compute",
      "mode": "managed",
      "type": "azurerm_network_interface",
      "name": "nexus",
      "provider": "provider[\"registry.terraform.io/hashicorp/azurerm\"]",
      "instances": [
        {
          "schema_version": 0,
          "attributes": {
            "applied_dns_servers": [],
            "dns_servers": [],
            "edge_zone": "",
            "enable_accelerated_networking": false,
            "enable_ip_forwarding": false,
            "id": "/subscriptions/6c920afa-d424-42f0-a13b-bc07a21530be/resourceGroups/CICD-rg/providers/Microsoft.Network/networkInterfaces/NIC-Nexus-1",
            "internal_dns_name_label": "",
            "internal_domain_name_suffix": "dn3vcqdyfvbetbr1ruym4ybzac.bx.internal.cloudapp.net",
            "ip_configuration": [
              {
                "gateway_load_balancer_frontend_ip_configuration_id": "",
                "name": "internal",
                "primary": true,
                "private_ip_address": "10.0.2.6",
                "private_ip_address_allocation": "Dynamic",
                "private_ip_address_version": "IPv4",
                "public_ip_address_id": "/subscriptions/6c920afa-d424-42f0-a13b-bc07a21530be/resourceGroups/CICD-rg/providers/Microsoft.Network/publicIPAddresses/PIP-Nexus-1",
                "subnet_id": "/subscriptions/6c920afa-d424-42f0-a13b-bc07a21530be/resourceGroups/CICD-rg/providers/Microsoft.Network/virtualNetworks/Main-Vnet/subnets/Subnet-1"
              }
            ],
            "location": "eastus",
            "mac_address": "7C-1E-52-FE-08-1B",
            "name": "NIC-Nexus-1",
            "private_ip_address": "10.0.2.6",
            "private_ip_addresses": [
              "10.0.2.6"
            ],
            "resource_group_name": "CICD-rg",
            "tags": {},
            "timeouts": null,
            "virtual_machine_id": "/subscriptions/6c920afa-d424-42f0-a13b-bc07a21530be/resourceGroups/CICD-rg/providers/Microsoft.Compute/virtualMachines/VM-Nexus-1"
          },
          "sensitive_attributes": [],
          "identity_schema_version": 0,
          "private": "eyJlMmJmYjczMC1lY2FhLTExZTYtOGY4OC0zNDM2M2JjN2M0YzAiOnsiY3JlYXRlIjoxODAwMDAwMDAwMDAwLCJkZWxldGUiOjE4MDAwMDAwMDAwMDAsInJlYWQiOjMwMDAwMDAwMDAwMCwidXBkYXRlIjoxODAwMDAwMDAwMDAwfX0=",
          "dependencies": [
            "module.compute.azurerm_public_ip.nexus",
            "module.network.azurerm_subnet.main",
            "module.network.azurerm_virtual_network.main",
            "module.rg.azurerm_resource_group.main"
          ]
        }
      ]
    },
    {
      "module": "module.compute",
      "mode": "managed",
      "type": "azurerm_network_interface",
      "name": "sonarqube",
      "provider": "provider[\"registry.terraform.io/hashicorp/azurerm\"]",
      "instances": [
        {
          "schema_version": 0,
          "attributes": {
            "applied_dns_servers": [],
            "dns_servers": [],
            "edge_zone": "",
            "enable_accelerated_networking": false,
            "enable_ip_forwarding": false,
            "id": "/subscriptions/6c920afa-d424-42f0-a13b-bc07a21530be/resourceGroups/CICD-rg/providers/Microsoft.Network/networkInterfaces/NIC-SonarQube-1",
            "internal_dns_name_label": "",
            "internal_domain_name_suffix": "dn3vcqdyfvbetbr1ruym4ybzac.bx.internal.cloudapp.net",
            "ip_configuration": [
              {
                "gateway_load_balancer_frontend_ip_configuration_id": "",
                "name": "internal",
                "primary": true,
                "private_ip_address": "10.0.2.4",
                "private_ip_address_allocation": "Dynamic",
                "private_ip_address_version": "IPv4",
                "public_ip_address_id": "/subscriptions/6c920afa-d424-42f0-a13b-bc07a21530be/resourceGroups/CICD-rg/providers/Microsoft.Network/publicIPAddresses/PIP-SonarQube-1",
                "subnet_id": "/subscriptions/6c920afa-d424-42f0-a13b-bc07a21530be/resourceGroups/CICD-rg/providers/Microsoft.Network/virtualNetworks/Main-Vnet/subnets/Subnet-1"
              }
            ],
            "location": "eastus",
            "mac_address": "00-22-48-26-EB-AD",
            "name": "NIC-SonarQube-1",
            "private_ip_address": "10.0.2.4",
            "private_ip_addresses": [
              "10.0.2.4"
            ],
            "resource_group_name": "CICD-rg",
            "tags": {},
            "timeouts": null,
            "virtual_machine_id": "/subscriptions/6c920afa-d424-42f0-a13b-bc07a21530be/resourceGroups/CICD-rg/providers/Microsoft.Compute/virtualMachines/VM-SonarQube-1"
          },
          "sensitive_attributes": [],
          "identity_schema_version": 0,
          "private": "eyJlMmJmYjczMC1lY2FhLTExZTYtOGY4OC0zNDM2M2JjN2M0YzAiOnsiY3JlYXRlIjoxODAwMDAwMDAwMDAwLCJkZWxldGUiOjE4MDAwMDAwMDAwMDAsInJlYWQiOjMwMDAwMDAwMDAwMCwidXBkYXRlIjoxODAwMDAwMDAwMDAwfX0=",
          "dependencies": [
            "module.compute.azurerm_public_ip.sonarqube",
            "module.network.azurerm_subnet.main",
            "module.network.azurerm_virtual_network.main",
            "module.rg.azurerm_resource_group.main"
          ]
        }
      ]
    },
    {
      "module": "module.compute",
      "mode": "managed",
      "type": "azurerm_public_ip",
      "name": "jenkins",
      "provider": "provider[\"registry.terraform.io/hashicorp/azurerm\"]",
      "instances": [
        {
          "schema_version": 0,
          "attributes": {
            "allocation_method": "Static",
            "domain_name_label": null,
            "edge_zone": "",
            "fqdn": null,
            "id": "/subscriptions/6c920afa-d424-42f0-a13b-bc07a21530be/resourceGroups/CICD-rg/providers/Microsoft.Network/publicIPAddresses/PIP-Jenkins-1",
            "idle_timeout_in_minutes": 4,
            "ip_address": "172.190.33.73",
            "ip_tags": {},
            "ip_version": "IPv4",
            "location": "eastus",
            "name": "PIP-Jenkins-1",
            "public_ip_prefix_id": null,
            "resource_group_name": "CICD-rg",
            "reverse_fqdn": null,
            "sku": "Standard",
            "sku_tier": "Regional",
            "tags": {},
            "timeouts": null,
            "zones": []
          },
          "sensitive_attributes": [],
          "identity_schema_version": 0,
          "private": "eyJlMmJmYjczMC1lY2FhLTExZTYtOGY4OC0zNDM2M2JjN2M0YzAiOnsiY3JlYXRlIjoxODAwMDAwMDAwMDAwLCJkZWxldGUiOjE4MDAwMDAwMDAwMDAsInJlYWQiOjMwMDAwMDAwMDAwMCwidXBkYXRlIjoxODAwMDAwMDAwMDAwfX0=",
          "dependencies": [
            "module.rg.azurerm_resource_group.main"
          ]
        }
      ]
    },
    {
      "module": "module.compute",
      "mode": "managed",
      "type": "azurerm_public_ip",
      "name": "nexus",
      "provider": "provider[\"registry.terraform.io/hashicorp/azurerm\"]",
      "instances": [
        {
          "schema_version": 0,
          "attributes": {
            "allocation_method": "Static",
            "domain_name_label": null,
            "edge_zone": "",
            "fqdn": null,
            "id": "/subscriptions/6c920afa-d424-42f0-a13b-bc07a21530be/resourceGroups/CICD-rg/providers/Microsoft.Network/publicIPAddresses/PIP-Nexus-1",
            "idle_timeout_in_minutes": 4,
            "ip_address": "74.235.247.151",
            "ip_tags": {},
            "ip_version": "IPv4",
            "location": "eastus",
            "name": "PIP-Nexus-1",
            "public_ip_prefix_id": null,
            "resource_group_name": "CICD-rg",
            "reverse_fqdn": null,
            "sku": "Standard",
            "sku_tier": "Regional",
            "tags": {},
            "timeouts": null,
            "zones": []
          },
          "sensitive_attributes": [],
          "identity_schema_version": 0,
          "private": "eyJlMmJmYjczMC1lY2FhLTExZTYtOGY4OC0zNDM2M2JjN2M0YzAiOnsiY3JlYXRlIjoxODAwMDAwMDAwMDAwLCJkZWxldGUiOjE4MDAwMDAwMDAwMDAsInJlYWQiOjMwMDAwMDAwMDAwMCwidXBkYXRlIjoxODAwMDAwMDAwMDAwfX0=",
          "dependencies": [
            "module.rg.azurerm_resource_group.main"
          ]
        }
      ]
    },
    {
      "module": "module.compute",
      "mode": "managed",
      "type": "azurerm_public_ip",
      "name": "sonarqube",
      "provider": "provider[\"registry.terraform.io/hashicorp/azurerm\"]",
      "instances": [
        {
          "schema_version": 0,
          "attributes": {
            "allocation_method": "Static",
            "domain_name_label": null,
            "edge_zone": "",
            "fqdn": null,
            "id": "/subscriptions/6c920afa-d424-42f0-a13b-bc07a21530be/resourceGroups/CICD-rg/providers/Microsoft.Network/publicIPAddresses/PIP-SonarQube-1",
            "idle_timeout_in_minutes": 4,
            "ip_address": "172.191.180.29",
            "ip_tags": {},
            "ip_version": "IPv4",
            "location": "eastus",
            "name": "PIP-SonarQube-1",
            "public_ip_prefix_id": null,
            "resource_group_name": "CICD-rg",
            "reverse_fqdn": null,
            "sku": "Standard",
            "sku_tier": "Regional",
            "tags": {},
            "timeouts": null,
            "zones": []
          },
          "sensitive_attributes": [],
          "identity_schema_version": 0,
          "private": "eyJlMmJmYjczMC1lY2FhLTExZTYtOGY4OC0zNDM2M2JjN2M0YzAiOnsiY3JlYXRlIjoxODAwMDAwMDAwMDAwLCJkZWxldGUiOjE4MDAwMDAwMDAwMDAsInJlYWQiOjMwMDAwMDAwMDAwMCwidXBkYXRlIjoxODAwMDAwMDAwMDAwfX0=",
          "dependencies": [
            "module.rg.azurerm_resource_group.main"
          ]
        }
      ]
    },
    {
      "module": "module.network",
      "mode": "managed",
      "type": "azurerm_subnet",
      "name": "main",
      "provider": "provider[\"registry.terraform.io/hashicorp/azurerm\"]",
      "instances": [
        {
          "index_key": 0,
          "schema_version": 0,
          "attributes": {
            "address_prefixes": [
              "10.0.2.0/24"
            ],
            "delegation": [],
            "enforce_private_link_endpoint_network_policies": false,
            "enforce_private_link_service_network_policies": false,
            "id": "/subscriptions/6c920afa-d424-42f0-a13b-bc07a21530be/resourceGroups/CICD-rg/providers/Microsoft.Network/virtualNetworks/Main-Vnet/subnets/Subnet-1",
            "name": "Subnet-1",
            "resource_group_name": "CICD-rg",
            "service_endpoint_policy_ids": [],
            "service_endpoints": [],
            "timeouts": null,
            "virtual_network_name": "Main-Vnet"
          },
          "sensitive_attributes": [],
          "identity_schema_version": 0,
          "private": "eyJlMmJmYjczMC1lY2FhLTExZTYtOGY4OC0zNDM2M2JjN2M0YzAiOnsiY3JlYXRlIjoxODAwMDAwMDAwMDAwLCJkZWxldGUiOjE4MDAwMDAwMDAwMDAsInJlYWQiOjMwMDAwMDAwMDAwMCwidXBkYXRlIjoxODAwMDAwMDAwMDAwfX0=",
          "dependencies": [
            "module.network.azurerm_virtual_network.main",
            "module.rg.azurerm_resource_group.main"
          ]
        }
      ]
    },
    {
      "module": "module.network",
      "mode": "managed",
      "type": "azurerm_virtual_network",
      "name": "main",
      "provider": "provider[\"registry.terraform.io/hashicorp/azurerm\"]",
      "instances": [
        {
          "schema_version": 0,
          "attributes": {
            "address_space": [
              "10.0.0.0/16"
            ],
            "bgp_community": "",
            "ddos_protection_plan": [],
            "dns_servers": [],
            "edge_zone": "",
            "flow_timeout_in_minutes": 0,
            "guid": "40517b1b-2d78-4942-863b-8d30cf603902",
            "id": "/subscriptions/6c920afa-d424-42f0-a13b-bc07a21530be/resourceGroups/CICD-rg/providers/Microsoft.Network/virtualNetworks/Main-Vnet",
            "location": "eastus",
            "name": "Main-Vnet",
            "resource_group_name": "CICD-rg",
            "subnet": [
              {
                "address_prefix": "10.0.2.0/24",
                "id": "/subscriptions/6c920afa-d424-42f0-a13b-bc07a21530be/resourceGroups/CICD-rg/providers/Microsoft.Network/virtualNetworks/Main-Vnet/subnets/Subnet-1",
                "name": "Subnet-1",
                "security_group": ""
              }
            ],
            "tags": {},
            "timeouts": null
          },
          "sensitive_attributes": [],
          "identity_schema_version": 0,
          "private": "eyJlMmJmYjczMC1lY2FhLTExZTYtOGY4OC0zNDM2M2JjN2M0YzAiOnsiY3JlYXRlIjoxODAwMDAwMDAwMDAwLCJkZWxldGUiOjE4MDAwMDAwMDAwMDAsInJlYWQiOjMwMDAwMDAwMDAwMCwidXBkYXRlIjoxODAwMDAwMDAwMDAwfX0=",
          "dependencies": [
            "module.rg.azurerm_resource_group.main"
          ]
        }
      ]
    },
    {
      "module": "module.rg",
      "mode": "managed",
      "type": "azurerm_resource_group",
      "name": "main",
      "provider": "provider[\"registry.terraform.io/hashicorp/azurerm\"]",
      "instances": [
        {
          "schema_version": 0,
          "attributes": {
            "id": "/subscriptions/6c920afa-d424-42f0-a13b-bc07a21530be/resourceGroups/CICD-rg",
            "location": "eastus",
            "name": "CICD-rg",
            "tags": {},
            "timeouts": null
          },
          "sensitive_attributes": [],
          "identity_schema_version": 0,
          "private": "eyJlMmJmYjczMC1lY2FhLTExZTYtOGY4OC0zNDM2M2JjN2M0YzAiOnsiY3JlYXRlIjo1NDAwMDAwMDAwMDAwLCJkZWxldGUiOjU0MDAwMDAwMDAwMDAsInJlYWQiOjMwMDAwMDAwMDAwMCwidXBkYXRlIjo1NDAwMDAwMDAwMDAwfX0="
        }
      ]
    }
  ],
  "check_results": null
}
